
Microsoft Visual Studio Solution File, Format Version 12.00
# Visual Studio 15
VisualStudioVersion = 15.0.27130.2020
MinimumVisualStudioVersion = 10.0.40219.1
Project("{FAE04EC0-301F-11D3-BF4B-00C04F79EFBC}") = "Metaproject.Cdn.Containers.Build", "Metaproject.Cdn.Containers.Build\Metaproject.Cdn.Containers.Build.csproj", "{D28D55D7-D7A4-4D8D-9CF1-658440B53123}"
EndProject
Project("{FAE04EC0-301F-11D3-BF4B-00C04F79EFBC}") = "Metaproject.Cdn.Containers.Build.Helpers", "Metaproject.Cdn.Containers.Build.Helpers\Metaproject.Cdn.Containers.Build.Helpers.csproj", "{A372E94B-8D16-49FC-BD43-A48495443A16}"
EndProject
Global
	GlobalSection(SolutionConfigurationPlatforms) = preSolution
		Debug|Any CPU = Debug|Any CPU
		Release|Any CPU = Release|Any CPU
	EndGlobalSection
	GlobalSection(ProjectConfigurationPlatforms) = postSolution
		{D28D55D7-D7A4-4D8D-9CF1-658440B53123}.Debug|Any CPU.ActiveCfg = Debug|Any CPU
		{D28D55D7-D7A4-4D8D-9CF1-658440B53123}.Debug|Any CPU.Build.0 = Debug|Any CPU
		{D28D55D7-D7A4-4D8D-9CF1-658440B53123}.Release|Any CPU.ActiveCfg = Release|Any CPU
		{D28D55D7-D7A4-4D8D-9CF1-658440B53123}.Release|Any CPU.Build.0 = Release|Any CPU
		{A372E94B-8D16-49FC-BD43-A48495443A16}.Debug|Any CPU.ActiveCfg = Debug|Any CPU
		{A372E94B-8D16-49FC-BD43-A48495443A16}.Debug|Any CPU.Build.0 = Debug|Any CPU
		{A372E94B-8D16-49FC-BD43-A48495443A16}.Release|Any CPU.ActiveCfg = Release|Any CPU
		{A372E94B-8D16-49FC-BD43-A48495443A16}.Release|Any CPU.Build.0 = Release|Any CPU
	EndGlobalSection
	GlobalSection(SolutionProperties) = preSolution
		HideSolutionNode = FALSE
	EndGlobalSection
	GlobalSection(ExtensibilityGlobals) = postSolution
		SolutionGuid = {CF5E6224-D99E-41E2-9CBD-D2E0C4CF4129}
	EndGlobalSection
EndGlobal
